
Microsoft Visual Studio Solution File, Format Version 12.00
# Visual Studio 15
Project("{FAE04EC0-301F-11D3-BF4B-00C04F79EFBC}") = "abasd", "abasd\abasd.csproj", "{1C4E5A1F-0191-4B89-985F-3881F70F85F9}"
EndProject
Global
	GlobalSection(SolutionConfigurationPlatforms) = preSolution
		Debug|iPhoneSimulator = Debug|iPhoneSimulator
		Release|iPhone = Release|iPhone
		Release|iPhoneSimulator = Release|iPhoneSimulator
		Debug|iPhone = Debug|iPhone
	EndGlobalSection
	GlobalSection(ProjectConfigurationPlatforms) = postSolution
		{1C4E5A1F-0191-4B89-985F-3881F70F85F9}.Debug|iPhoneSimulator.ActiveCfg = Debug|iPhoneSimulator
		{1C4E5A1F-0191-4B89-985F-3881F70F85F9}.Debug|iPhoneSimulator.Build.0 = Debug|iPhoneSimulator
		{1C4E5A1F-0191-4B89-985F-3881F70F85F9}.Release|iPhone.ActiveCfg = Release|iPhone
		{1C4E5A1F-0191-4B89-985F-3881F70F85F9}.Release|iPhone.Build.0 = Release|iPhone
		{1C4E5A1F-0191-4B89-985F-3881F70F85F9}.Release|iPhoneSimulator.ActiveCfg = Release|iPhoneSimulator
		{1C4E5A1F-0191-4B89-985F-3881F70F85F9}.Release|iPhoneSimulator.Build.0 = Release|iPhoneSimulator
		{1C4E5A1F-0191-4B89-985F-3881F70F85F9}.Debug|iPhone.ActiveCfg = Debug|iPhone
		{1C4E5A1F-0191-4B89-985F-3881F70F85F9}.Debug|iPhone.Build.0 = Debug|iPhone
	EndGlobalSection
EndGlobal
